{
  "pins" : [
    {
      "identity" : "codeeditorview",
      "kind" : "remoteSourceControl",
      "location" : "https://github.com/mchakravarty/CodeEditorView",
      "state" : {
        "revision" : "325759c1cc2873fd5eba0f8d4eedd0233ac9eca7",
        "version" : "0.10.0"
      }
    }
  ],
  "version" : 2
}
